
Microsoft Visual Studio Solution File, Format Version 12.00
# Visual Studio 2012
Project("{FAE04EC0-301F-11D3-BF4B-00C04F79EFBC}") = "Drawing.Lib", "Drawing.Lib\Drawing.Lib.csproj", "{72339686-B9CE-473E-93E3-F05C30F157DE}"
EndProject
Project("{FAE04EC0-301F-11D3-BF4B-00C04F79EFBC}") = "Drawing.Shell", "Drawing.Shell\Drawing.Shell.csproj", "{E80E8B9A-7C0F-4F1F-B25D-D2EF0F170838}"
EndProject
Project("{2150E333-8FDC-42A3-9474-1A3956D46DE8}") = "Unit Tests", "Unit Tests", "{E783A15C-FB81-482B-BF94-25C959EE01A7}"
EndProject
Project("{FAE04EC0-301F-11D3-BF4B-00C04F79EFBC}") = "Drawing.Shell.UnitTests", "Drawing.Lib.UnitTests\Drawing.Shell.UnitTests.csproj", "{6B49F890-77D6-4C90-8688-93969CA959C2}"
EndProject
Global
	GlobalSection(SolutionConfigurationPlatforms) = preSolution
		Debug|Any CPU = Debug|Any CPU
		Release|Any CPU = Release|Any CPU
	EndGlobalSection
	GlobalSection(ProjectConfigurationPlatforms) = postSolution
		{72339686-B9CE-473E-93E3-F05C30F157DE}.Debug|Any CPU.ActiveCfg = Debug|Any CPU
		{72339686-B9CE-473E-93E3-F05C30F157DE}.Debug|Any CPU.Build.0 = Debug|Any CPU
		{72339686-B9CE-473E-93E3-F05C30F157DE}.Release|Any CPU.ActiveCfg = Release|Any CPU
		{72339686-B9CE-473E-93E3-F05C30F157DE}.Release|Any CPU.Build.0 = Release|Any CPU
		{E80E8B9A-7C0F-4F1F-B25D-D2EF0F170838}.Debug|Any CPU.ActiveCfg = Debug|Any CPU
		{E80E8B9A-7C0F-4F1F-B25D-D2EF0F170838}.Debug|Any CPU.Build.0 = Debug|Any CPU
		{E80E8B9A-7C0F-4F1F-B25D-D2EF0F170838}.Release|Any CPU.ActiveCfg = Release|Any CPU
		{E80E8B9A-7C0F-4F1F-B25D-D2EF0F170838}.Release|Any CPU.Build.0 = Release|Any CPU
		{6B49F890-77D6-4C90-8688-93969CA959C2}.Debug|Any CPU.ActiveCfg = Debug|Any CPU
		{6B49F890-77D6-4C90-8688-93969CA959C2}.Debug|Any CPU.Build.0 = Debug|Any CPU
		{6B49F890-77D6-4C90-8688-93969CA959C2}.Release|Any CPU.ActiveCfg = Release|Any CPU
		{6B49F890-77D6-4C90-8688-93969CA959C2}.Release|Any CPU.Build.0 = Release|Any CPU
	EndGlobalSection
	GlobalSection(SolutionProperties) = preSolution
		HideSolutionNode = FALSE
	EndGlobalSection
	GlobalSection(NestedProjects) = preSolution
		{6B49F890-77D6-4C90-8688-93969CA959C2} = {E783A15C-FB81-482B-BF94-25C959EE01A7}
	EndGlobalSection
EndGlobal
